lockfileVersion: '6.0'

settings:
  autoInstallPeers: true
  excludeLinksFromLockfile: false

dependencies:
  '@vercel/functions':
    specifier: ^2.0.3
    version: 2.2.2
  '@whop-apps/sdk':
    specifier: 0.0.1-canary.111
    version: 0.0.1-canary.111(react@19.1.0)
  '@whop/api':
    specifier: ^0.0.21
    version: 0.0.21
  next:
    specifier: 15.3.2
    version: 15.3.2(react-dom@19.1.0)(react@19.1.0)
  react:
    specifier: ^19.0.0
    version: 19.1.0
  react-dom:
    specifier: ^19.0.0
    version: 19.1.0(react@19.1.0)
  styled-components:
    specifier: ^6.1.19
    version: 6.1.19(react-dom@19.1.0)(react@19.1.0)

devDependencies:
  '@biomejs/biome':
    specifier: ^1.9.4
    version: 1.9.4
  '@types/node':
    specifier: ^20
    version: 20.19.1
  '@types/react':
    specifier: ^19
    version: 19.1.8
  '@types/react-dom':
    specifier: ^19
    version: 19.1.6(@types/react@19.1.8)
  '@whop-apps/dev-proxy':
    specifier: 0.0.1-canary.116
    version: 0.0.1-canary.116
  dotenv-cli:
    specifier: ^8.0.0
    version: 8.0.0
  typescript:
    specifier: ^5
    version: 5.8.3

packages:

  /@biomejs/biome@1.9.4:
    resolution: {integrity: sha512-1rkd7G70+o9KkTn5KLmDYXihGoTaIGO9PIIN2ZB7UJxFrWw04CZHPYiMRjYsaDvVV7hP1dYNRLxSANLaBFGpog==}
    engines: {node: '>=14.21.3'}
    hasBin: true
    requiresBuild: true
    optionalDependencies:
      '@biomejs/cli-darwin-arm64': 1.9.4
      '@biomejs/cli-darwin-x64': 1.9.4
      '@biomejs/cli-linux-arm64': 1.9.4
      '@biomejs/cli-linux-arm64-musl': 1.9.4
      '@biomejs/cli-linux-x64': 1.9.4
      '@biomejs/cli-linux-x64-musl': 1.9.4
      '@biomejs/cli-win32-arm64': 1.9.4
      '@biomejs/cli-win32-x64': 1.9.4
    dev: true

  /@biomejs/cli-darwin-arm64@1.9.4:
    resolution: {integrity: sha512-bFBsPWrNvkdKrNCYeAp+xo2HecOGPAy9WyNyB/jKnnedgzl4W4Hb9ZMzYNbf8dMCGmUdSavlYHiR01QaYR58cw==}
    engines: {node: '>=14.21.3'}
    cpu: [arm64]
    os: [darwin]
    requiresBuild: true
    dev: true
    optional: true

  /@biomejs/cli-darwin-x64@1.9.4:
    resolution: {integrity: sha512-ngYBh/+bEedqkSevPVhLP4QfVPCpb+4BBe2p7Xs32dBgs7rh9nY2AIYUL6BgLw1JVXV8GlpKmb/hNiuIxfPfZg==}
    engines: {node: '>=14.21.3'}
    cpu: [x64]
    os: [darwin]
    requiresBuild: true
    dev: true
    optional: true

  /@biomejs/cli-linux-arm64-musl@1.9.4:
    resolution: {integrity: sha512-v665Ct9WCRjGa8+kTr0CzApU0+XXtRgwmzIf1SeKSGAv+2scAlW6JR5PMFo6FzqqZ64Po79cKODKf3/AAmECqA==}
    engines: {node: '>=14.21.3'}
    cpu: [arm64]
    os: [linux]
    requiresBuild: true
    dev: true
    optional: true

  /@biomejs/cli-linux-arm64@1.9.4:
    resolution: {integrity: sha512-fJIW0+LYujdjUgJJuwesP4EjIBl/N/TcOX3IvIHJQNsAqvV2CHIogsmA94BPG6jZATS4Hi+xv4SkBBQSt1N4/g==}
    engines: {node: '>=14.21.3'}
    cpu: [arm64]
    os: [linux]
    requiresBuild: true
    dev: true
    optional: true

  /@biomejs/cli-linux-x64-musl@1.9.4:
    resolution: {integrity: sha512-gEhi/jSBhZ2m6wjV530Yy8+fNqG8PAinM3oV7CyO+6c3CEh16Eizm21uHVsyVBEB6RIM8JHIl6AGYCv6Q6Q9Tg==}
    engines: {node: '>=14.21.3'}
    cpu: [x64]
    os: [linux]
    requiresBuild: true
    dev: true
    optional: true

  /@biomejs/cli-linux-x64@1.9.4:
    resolution: {integrity: sha512-lRCJv/Vi3Vlwmbd6K+oQ0KhLHMAysN8lXoCI7XeHlxaajk06u7G+UsFSO01NAs5iYuWKmVZjmiOzJ0OJmGsMwg==}
    engines: {node: '>=14.21.3'}
    cpu: [x64]
    os: [linux]
    requiresBuild: true
    dev: true
    optional: true

  /@biomejs/cli-win32-arm64@1.9.4:
    resolution: {integrity: sha512-tlbhLk+WXZmgwoIKwHIHEBZUwxml7bRJgk0X2sPyNR3S93cdRq6XulAZRQJ17FYGGzWne0fgrXBKpl7l4M87Hg==}
    engines: {node: '>=14.21.3'}
    cpu: [arm64]
    os: [win32]
    requiresBuild: true
    dev: true
    optional: true

  /@biomejs/cli-win32-x64@1.9.4:
    resolution: {integrity: sha512-8Y5wMhVIPaWe6jw2H+KlEm4wP/f7EW3810ZLmDlrEEy5KvBsb9ECEfu/kMWD484ijfQ8+nIi0giMgu9g1UAuuA==}
    engines: {node: '>=14.21.3'}
    cpu: [x64]
    os: [win32]
    requiresBuild: true
    dev: true
    optional: true

  /@emnapi/runtime@1.4.3:
    resolution: {integrity: sha512-pBPWdu6MLKROBX05wSNKcNb++m5Er+KQ9QkB+WVM+pW2Kx9hoSrVTnu3BdkI5eBLZoKu/J6mW/B6i6bJB2ytXQ==}
    requiresBuild: true
    dependencies:
      tslib: 2.8.1
    dev: false
    optional: true

  /@emotion/is-prop-valid@1.2.2:
    resolution: {integrity: sha512-uNsoYd37AFmaCdXlg6EYD1KaPOaRWRByMCYzbKUX4+hhMfrxdVSelShywL4JVaAeM/eHUOSprYBQls+/neX3pw==}
    dependencies:
      '@emotion/memoize': 0.8.1
    dev: false

  /@emotion/memoize@0.8.1:
    resolution: {integrity: sha512-W2P2c/VRW1/1tLox0mVUalvnWXxavmv/Oum2aPsRcoDJuob75FC3Y8FbpfLwUegRcxINtGUMPq0tFCvYNTBXNA==}
    dev: false

  /@emotion/unitless@0.8.1:
    resolution: {integrity: sha512-KOEGMu6dmJZtpadb476IsZBclKvILjopjUii3V+7MnXIQCYh8W3NgNcgwo21n9LXZX6EDIKvqfjYxXebDwxKmQ==}
    dev: false

  /@graphql-typed-document-node/core@3.2.0(graphql@16.11.0):
    resolution: {integrity: sha512-mB9oAsNCm9aM3/SOv4YtBMqZbYj10R7dkq8byBqxGY/ncFwhf2oQzMV+LCRlWoDSEBJ3COiR1yeDvMtsoOsuFQ==}
    peerDependencies:
      graphql: ^0.8.0 || ^0.9.0 || ^0.10.0 || ^0.11.0 || ^0.12.0 || ^0.13.0 || ^14.0.0 || ^15.0.0 || ^16.0.0 || ^17.0.0
    dependencies:
      graphql: 16.11.0
    dev: false

  /@img/sharp-darwin-arm64@0.34.2:
    resolution: {integrity: sha512-OfXHZPppddivUJnqyKoi5YVeHRkkNE2zUFT2gbpKxp/JZCFYEYubnMg+gOp6lWfasPrTS+KPosKqdI+ELYVDtg==}
    engines: {node: ^18.17.0 || ^20.3.0 || >=21.0.0}
    cpu: [arm64]
    os: [darwin]
    requiresBuild: true
    optionalDependencies:
      '@img/sharp-libvips-darwin-arm64': 1.1.0
    dev: false
    optional: true

  /@img/sharp-darwin-x64@0.34.2:
    resolution: {integrity: sha512-dYvWqmjU9VxqXmjEtjmvHnGqF8GrVjM2Epj9rJ6BUIXvk8slvNDJbhGFvIoXzkDhrJC2jUxNLz/GUjjvSzfw+g==}
    engines: {node: ^18.17.0 || ^20.3.0 || >=21.0.0}
    cpu: [x64]
    os: [darwin]
    requiresBuild: true
    optionalDependencies:
      '@img/sharp-libvips-darwin-x64': 1.1.0
    dev: false
    optional: true

  /@img/sharp-libvips-darwin-arm64@1.1.0:
    resolution: {integrity: sha512-HZ/JUmPwrJSoM4DIQPv/BfNh9yrOA8tlBbqbLz4JZ5uew2+o22Ik+tHQJcih7QJuSa0zo5coHTfD5J8inqj9DA==}
    cpu: [arm64]
    os: [darwin]
    requiresBuild: true
    dev: false
    optional: true

  /@img/sharp-libvips-darwin-x64@1.1.0:
    resolution: {integrity: sha512-Xzc2ToEmHN+hfvsl9wja0RlnXEgpKNmftriQp6XzY/RaSfwD9th+MSh0WQKzUreLKKINb3afirxW7A0fz2YWuQ==}
    cpu: [x64]
    os: [darwin]
    requiresBuild: true
    dev: false
    optional: true

  /@img/sharp-libvips-linux-arm64@1.1.0:
    resolution: {integrity: sha512-IVfGJa7gjChDET1dK9SekxFFdflarnUB8PwW8aGwEoF3oAsSDuNUTYS+SKDOyOJxQyDC1aPFMuRYLoDInyV9Ew==}
    cpu: [arm64]
    os: [linux]
    requiresBuild: true
    dev: false
    optional: true

  /@img/sharp-libvips-linux-arm@1.1.0:
    resolution: {integrity: sha512-s8BAd0lwUIvYCJyRdFqvsj+BJIpDBSxs6ivrOPm/R7piTs5UIwY5OjXrP2bqXC9/moGsyRa37eYWYCOGVXxVrA==}
    cpu: [arm]
    os: [linux]
    requiresBuild: true
    dev: false
    optional: true

  /@img/sharp-libvips-linux-ppc64@1.1.0:
    resolution: {integrity: sha512-tiXxFZFbhnkWE2LA8oQj7KYR+bWBkiV2nilRldT7bqoEZ4HiDOcePr9wVDAZPi/Id5fT1oY9iGnDq20cwUz8lQ==}
    cpu: [ppc64]
    os: [linux]
    requiresBuild: true
    dev: false
    optional: true

  /@img/sharp-libvips-linux-s390x@1.1.0:
    resolution: {integrity: sha512-xukSwvhguw7COyzvmjydRb3x/09+21HykyapcZchiCUkTThEQEOMtBj9UhkaBRLuBrgLFzQ2wbxdeCCJW/jgJA==}
    cpu: [s390x]
    os: [linux]
    requiresBuild: true
    dev: false
    optional: true

  /@img/sharp-libvips-linux-x64@1.1.0:
    resolution: {integrity: sha512-yRj2+reB8iMg9W5sULM3S74jVS7zqSzHG3Ol/twnAAkAhnGQnpjj6e4ayUz7V+FpKypwgs82xbRdYtchTTUB+Q==}
    cpu: [x64]
    os: [linux]
    requiresBuild: true
    dev: false
    optional: true

  /@img/sharp-libvips-linuxmusl-arm64@1.1.0:
    resolution: {integrity: sha512-jYZdG+whg0MDK+q2COKbYidaqW/WTz0cc1E+tMAusiDygrM4ypmSCjOJPmFTvHHJ8j/6cAGyeDWZOsK06tP33w==}
    cpu: [arm64]
    os: [linux]
    requiresBuild: true
    dev: false
    optional: true

  /@img/sharp-libvips-linuxmusl-x64@1.1.0:
    resolution: {integrity: sha512-wK7SBdwrAiycjXdkPnGCPLjYb9lD4l6Ze2gSdAGVZrEL05AOUJESWU2lhlC+Ffn5/G+VKuSm6zzbQSzFX/P65A==}
    cpu: [x64]
    os: [linux]
    requiresBuild: true
    dev: false
    optional: true

  /@img/sharp-linux-arm64@0.34.2:
    resolution: {integrity: sha512-D8n8wgWmPDakc83LORcfJepdOSN6MvWNzzz2ux0MnIbOqdieRZwVYY32zxVx+IFUT8er5KPcyU3XXsn+GzG/0Q==}
    engines: {node: ^18.17.0 || ^20.3.0 || >=21.0.0}
    cpu: [arm64]
    os: [linux]
    requiresBuild: true
    optionalDependencies:
      '@img/sharp-libvips-linux-arm64': 1.1.0
    dev: false
    optional: true

  /@img/sharp-linux-arm@0.34.2:
    resolution: {integrity: sha512-0DZzkvuEOqQUP9mo2kjjKNok5AmnOr1jB2XYjkaoNRwpAYMDzRmAqUIa1nRi58S2WswqSfPOWLNOr0FDT3H5RQ==}
    engines: {node: ^18.17.0 || ^20.3.0 || >=21.0.0}
    cpu: [arm]
    os: [linux]
    requiresBuild: true
    optionalDependencies:
      '@img/sharp-libvips-linux-arm': 1.1.0
    dev: false
    optional: true

  /@img/sharp-linux-s390x@0.34.2:
    resolution: {integrity: sha512-EGZ1xwhBI7dNISwxjChqBGELCWMGDvmxZXKjQRuqMrakhO8QoMgqCrdjnAqJq/CScxfRn+Bb7suXBElKQpPDiw==}
    engines: {node: ^18.17.0 || ^20.3.0 || >=21.0.0}
    cpu: [s390x]
    os: [linux]
    requiresBuild: true
    optionalDependencies:
      '@img/sharp-libvips-linux-s390x': 1.1.0
    dev: false
    optional: true

  /@img/sharp-linux-x64@0.34.2:
    resolution: {integrity: sha512-sD7J+h5nFLMMmOXYH4DD9UtSNBD05tWSSdWAcEyzqW8Cn5UxXvsHAxmxSesYUsTOBmUnjtxghKDl15EvfqLFbQ==}
    engines: {node: ^18.17.0 || ^20.3.0 || >=21.0.0}
    cpu: [x64]
    os: [linux]
    requiresBuild: true
    optionalDependencies:
      '@img/sharp-libvips-linux-x64': 1.1.0
    dev: false
    optional: true

  /@img/sharp-linuxmusl-arm64@0.34.2:
    resolution: {integrity: sha512-NEE2vQ6wcxYav1/A22OOxoSOGiKnNmDzCYFOZ949xFmrWZOVII1Bp3NqVVpvj+3UeHMFyN5eP/V5hzViQ5CZNA==}
    engines: {node: ^18.17.0 || ^20.3.0 || >=21.0.0}
    cpu: [arm64]
    os: [linux]
    requiresBuild: true
    optionalDependencies:
      '@img/sharp-libvips-linuxmusl-arm64': 1.1.0
    dev: false
    optional: true

  /@img/sharp-linuxmusl-x64@0.34.2:
    resolution: {integrity: sha512-DOYMrDm5E6/8bm/yQLCWyuDJwUnlevR8xtF8bs+gjZ7cyUNYXiSf/E8Kp0Ss5xasIaXSHzb888V1BE4i1hFhAA==}
    engines: {node: ^18.17.0 || ^20.3.0 || >=21.0.0}
    cpu: [x64]
    os: [linux]
    requiresBuild: true
    optionalDependencies:
      '@img/sharp-libvips-linuxmusl-x64': 1.1.0
    dev: false
    optional: true

  /@img/sharp-wasm32@0.34.2:
    resolution: {integrity: sha512-/VI4mdlJ9zkaq53MbIG6rZY+QRN3MLbR6usYlgITEzi4Rpx5S6LFKsycOQjkOGmqTNmkIdLjEvooFKwww6OpdQ==}
    engines: {node: ^18.17.0 || ^20.3.0 || >=21.0.0}
    cpu: [wasm32]
    requiresBuild: true
    dependencies:
      '@emnapi/runtime': 1.4.3
    dev: false
    optional: true

  /@img/sharp-win32-arm64@0.34.2:
    resolution: {integrity: sha512-cfP/r9FdS63VA5k0xiqaNaEoGxBg9k7uE+RQGzuK9fHt7jib4zAVVseR9LsE4gJcNWgT6APKMNnCcnyOtmSEUQ==}
    engines: {node: ^18.17.0 || ^20.3.0 || >=21.0.0}
    cpu: [arm64]
    os: [win32]
    requiresBuild: true
    dev: false
    optional: true

  /@img/sharp-win32-ia32@0.34.2:
    resolution: {integrity: sha512-QLjGGvAbj0X/FXl8n1WbtQ6iVBpWU7JO94u/P2M4a8CFYsvQi4GW2mRy/JqkRx0qpBzaOdKJKw8uc930EX2AHw==}
    engines: {node: ^18.17.0 || ^20.3.0 || >=21.0.0}
    cpu: [ia32]
    os: [win32]
    requiresBuild: true
    dev: false
    optional: true

  /@img/sharp-win32-x64@0.34.2:
    resolution: {integrity: sha512-aUdT6zEYtDKCaxkofmmJDJYGCf0+pJg3eU9/oBuqvEeoB9dKI6ZLc/1iLJCTuJQDO4ptntAlkUmHgGjyuobZbw==}
    engines: {node: ^18.17.0 || ^20.3.0 || >=21.0.0}
    cpu: [x64]
    os: [win32]
    requiresBuild: true
    dev: false
    optional: true

  /@next/env@15.3.2:
    resolution: {integrity: sha512-xURk++7P7qR9JG1jJtLzPzf0qEvqCN0A/T3DXf8IPMKo9/6FfjxtEffRJIIew/bIL4T3C2jLLqBor8B/zVlx6g==}
    dev: false

  /@next/swc-darwin-arm64@15.3.2:
    resolution: {integrity: sha512-2DR6kY/OGcokbnCsjHpNeQblqCZ85/1j6njYSkzRdpLn5At7OkSdmk7WyAmB9G0k25+VgqVZ/u356OSoQZ3z0g==}
    engines: {node: '>= 10'}
    cpu: [arm64]
    os: [darwin]
    requiresBuild: true
    dev: false
    optional: true

  /@next/swc-darwin-x64@15.3.2:
    resolution: {integrity: sha512-ro/fdqaZWL6k1S/5CLv1I0DaZfDVJkWNaUU3un8Lg6m0YENWlDulmIWzV96Iou2wEYyEsZq51mwV8+XQXqMp3w==}
    engines: {node: '>= 10'}
    cpu: [x64]
    os: [darwin]
    requiresBuild: true
    dev: false
    optional: true

  /@next/swc-linux-arm64-gnu@15.3.2:
    resolution: {integrity: sha512-covwwtZYhlbRWK2HlYX9835qXum4xYZ3E2Mra1mdQ+0ICGoMiw1+nVAn4d9Bo7R3JqSmK1grMq/va+0cdh7bJA==}
    engines: {node: '>= 10'}
    cpu: [arm64]
    os: [linux]
    requiresBuild: true
    dev: false
    optional: true

  /@next/swc-linux-arm64-musl@15.3.2:
    resolution: {integrity: sha512-KQkMEillvlW5Qk5mtGA/3Yz0/tzpNlSw6/3/ttsV1lNtMuOHcGii3zVeXZyi4EJmmLDKYcTcByV2wVsOhDt/zg==}
    engines: {node: '>= 10'}
    cpu: [arm64]
    os: [linux]
    requiresBuild: true
    dev: false
    optional: true

  /@next/swc-linux-x64-gnu@15.3.2:
    resolution: {integrity: sha512-uRBo6THWei0chz+Y5j37qzx+BtoDRFIkDzZjlpCItBRXyMPIg079eIkOCl3aqr2tkxL4HFyJ4GHDes7W8HuAUg==}
    engines: {node: '>= 10'}
    cpu: [x64]
    os: [linux]
    requiresBuild: true
    dev: false
    optional: true

  /@next/swc-linux-x64-musl@15.3.2:
    resolution: {integrity: sha512-+uxFlPuCNx/T9PdMClOqeE8USKzj8tVz37KflT3Kdbx/LOlZBRI2yxuIcmx1mPNK8DwSOMNCr4ureSet7eyC0w==}
    engines: {node: '>= 10'}
    cpu: [x64]
    os: [linux]
    requiresBuild: true
    dev: false
    optional: true

  /@next/swc-win32-arm64-msvc@15.3.2:
    resolution: {integrity: sha512-LLTKmaI5cfD8dVzh5Vt7+OMo+AIOClEdIU/TSKbXXT2iScUTSxOGoBhfuv+FU8R9MLmrkIL1e2fBMkEEjYAtPQ==}
    engines: {node: '>= 10'}
    cpu: [arm64]
    os: [win32]
    requiresBuild: true
    dev: false
    optional: true

  /@next/swc-win32-x64-msvc@15.3.2:
    resolution: {integrity: sha512-aW5B8wOPioJ4mBdMDXkt5f3j8pUr9W8AnlX0Df35uRWNT1Y6RIybxjnSUe+PhM+M1bwgyY8PHLmXZC6zT1o5tA==}
    engines: {node: '>= 10'}
    cpu: [x64]
    os: [win32]
    requiresBuild: true
    dev: false
    optional: true

  /@swc/counter@0.1.3:
    resolution: {integrity: sha512-e2BR4lsJkkRlKZ/qCHPw9ZaSxc0MVUd7gtbtaB7aMvHeJVYe8sOB8DBZkP2DtISHGSku9sCK6T6cnY0CtXrOCQ==}
    dev: false

  /@swc/helpers@0.5.15:
    resolution: {integrity: sha512-JQ5TuMi45Owi4/BIMAJBoSQoOJu12oOk/gADqlcUL9JEdHB8vyjUSsxqeNXnmXHjYKMi2WcYtezGEEhqUI/E2g==}
    dependencies:
      tslib: 2.8.1
    dev: false

  /@types/http-proxy@1.17.16:
    resolution: {integrity: sha512-sdWoUajOB1cd0A8cRRQ1cfyWNbmFKLAqBB89Y8x5iYyG/mkJHc0YUH8pdWBy2omi9qtCpiIgGjuwO0dQST2l5w==}
    dependencies:
      '@types/node': 20.19.1

  /@types/node@20.19.1:
    resolution: {integrity: sha512-jJD50LtlD2dodAEO653i3YF04NWak6jN3ky+Ri3Em3mGR39/glWiboM/IePaRbgwSfqM1TpGXfAg8ohn/4dTgA==}
    dependencies:
      undici-types: 6.21.0

  /@types/react-dom@19.1.6(@types/react@19.1.8):
    resolution: {integrity: sha512-4hOiT/dwO8Ko0gV1m/TJZYk3y0KBnY9vzDh7W+DH17b2HFSOGgdj33dhihPeuy3l0q23+4e+hoXHV6hCC4dCXw==}
    peerDependencies:
      '@types/react': ^19.0.0
    dependencies:
      '@types/react': 19.1.8
    dev: true

  /@types/react@19.1.8:
    resolution: {integrity: sha512-AwAfQ2Wa5bCx9WP8nZL2uMZWod7J7/JSplxbTmBQ5ms6QpqNYm672H0Vu9ZVKVngQ+ii4R/byguVEUZQyeg44g==}
    dependencies:
      csstype: 3.1.3
    dev: true

  /@types/stylis@4.2.5:
    resolution: {integrity: sha512-1Xve+NMN7FWjY14vLoY5tL3BVEQ/n42YLwaqJIPYhotZ9uBHt87VceMwWQpzmdEt2TNXIorIFG+YeCUUW7RInw==}
    dev: false

  /@vercel/functions@2.2.2:
    resolution: {integrity: sha512-wgtgFwhYAUzS7UOvw44q14FaoRPONEnyoM0JlrjcDkI+kzSu7M8J5Tk5T3Kvv52//8is+HGxVQtaBSiO3G0wbw==}
    engines: {node: '>= 18'}
    peerDependencies:
      '@aws-sdk/credential-provider-web-identity': '*'
    peerDependenciesMeta:
      '@aws-sdk/credential-provider-web-identity':
        optional: true
    dev: false

  /@whop-apps/api@0.0.1-canary.111:
    resolution: {integrity: sha512-Lze58P9mRvaENWbaOmYttw+2rPhfgAicSd0UXvJMdd/qwjar5NJq3iArKDDecVPUso86kkwKOs9Kfo6fivaLZg==}
    dependencies:
      '@whop-apps/auth': 0.0.1-canary.111
      '@whop-apps/core': 0.0.1-canary.111
      '@whop-apps/typed-api': 0.0.1-canary.111
      openapi-typescript-helpers: 0.0.2
    dev: false

  /@whop-apps/auth@0.0.1-canary.111:
    resolution: {integrity: sha512-0POUiJKqigIzfzJHusTw6ElOgT5oX5i09Zvj8n9k3kph7FQMZrOahbXlcL2XgRTjpmssU9dQATv3vcVJv4Y8Fw==}
    dependencies:
      '@whop-apps/core': 0.0.1-canary.111
      cookie: 0.5.0
      jose: 4.15.9
    dev: false

  /@whop-apps/core@0.0.1-canary.111:
    resolution: {integrity: sha512-Mp5RLwiamh1RKcx+4y4UW0OjjWKl3iPnTIsvHqZA5cQtgdSTRWRkYfmMUVF6jPef+3lPF3gCzK/CJrL4GdOZSw==}
    dev: false

  /@whop-apps/core@0.0.1-canary.116:
    resolution: {integrity: sha512-8dKsoY3NCQXGnDmYvDC4UYeAQnGTPUuqMIWEM3XgFKkK6+JLcKcJ7FfD4pw5kEz7Bops8GQCPO210vlG49YfCQ==}
    dev: true

  /@whop-apps/dev-proxy@0.0.1-canary.111:
    resolution: {integrity: sha512-62523NP1dqWI9z6gbs4ApX4DCCGA2WzSUFNzxyLndZWWsrzjdMYgCG6BSQKOdTAscXBSXr1mn5n58QrfC1WtYw==}
    hasBin: true
    dependencies:
      '@types/http-proxy': 1.17.16
      '@whop-apps/core': 0.0.1-canary.111
      cookie: 0.5.0
      http-proxy: 1.18.1
      jose: 4.15.9
    transitivePeerDependencies:
      - debug
    dev: false

  /@whop-apps/dev-proxy@0.0.1-canary.116:
    resolution: {integrity: sha512-7droSqunJt/Qa4wpZIbYXVOqs30F+GT1BQUOGwPThjoX08RW/G9SshS3Sp/uMIA2uX6BH3ZinBrNjhHEfv0p+g==}
    hasBin: true
    dependencies:
      '@types/http-proxy': 1.17.16
      '@whop-apps/core': 0.0.1-canary.116
      cookie: 1.0.2
      http-proxy: 1.18.1
      jose: 4.15.9
    transitivePeerDependencies:
      - debug
    dev: true

  /@whop-apps/iframe@0.0.1-canary.111:
    resolution: {integrity: sha512-yS5yArmCuxBn+Wbp66ILKKSZplPMtxl89edZTH8apuS7IblDZBKJPoIiJ6fK8TJ+WAml12CpgPe7fZx5MqQvIg==}
    dependencies:
      '@whop-apps/core': 0.0.1-canary.111
      '@whop-apps/typed-transport': 0.0.1-canary.111
      zod: 3.25.67
    dev: false

  /@whop-apps/oauth@0.0.1-canary.111:
    resolution: {integrity: sha512-CZ3cShyeRPY3bfS2fQJwrR4MssMSoAGKm6TAXQTGiZNO9ZW19GnyliLbIZpiO/c1y/184QkqPHfZhQvljXhu9w==}
    dependencies:
      '@whop-apps/auth': 0.0.1-canary.111
      '@whop-apps/core': 0.0.1-canary.111
      '@whop-apps/iframe': 0.0.1-canary.111
      '@whop-apps/typed-api': 0.0.1-canary.111
      zod: 3.25.67
    dev: false

  /@whop-apps/sdk@0.0.1-canary.111(react@19.1.0):
    resolution: {integrity: sha512-lySM5zOye4JCaXSB/8q+QdMZk8uZEJ2yHWEEH9GDYjrpBOUgoIhAFEksVx2zEPPTZCeEBi0ufbCp8X6z/Kcy1Q==}
    hasBin: true
    dependencies:
      '@whop-apps/api': 0.0.1-canary.111
      '@whop-apps/auth': 0.0.1-canary.111
      '@whop-apps/core': 0.0.1-canary.111
      '@whop-apps/dev-proxy': 0.0.1-canary.111
      '@whop-apps/iframe': 0.0.1-canary.111
      '@whop-apps/oauth': 0.0.1-canary.111
      '@whop-apps/theme': 0.0.1-canary.111(react@19.1.0)
    transitivePeerDependencies:
      - debug
      - react
    dev: false

  /@whop-apps/theme@0.0.1-canary.111(react@19.1.0):
    resolution: {integrity: sha512-WrNGnJUzTqAYHzobgqePZJcpHhg/LEDLleWHawO9sK6K34I4qIE+Yt3Qhby4Ev95AvUAA4RhkPQPTf2/dxbiiQ==}
    peerDependencies:
      react: ^18.2.0
    dependencies:
      react: 19.1.0
    dev: false

  /@whop-apps/typed-api@0.0.1-canary.111:
    resolution: {integrity: sha512-XUe5nTrEOh7x4cptw5cxKtU/tO04nEWLJ20dnJl0Bf4YRbDb3hCFjJRK/ox4MrY+icW8qQUu72Gr1TQAtNgZtA==}
    hasBin: true
    dependencies:
      '@whop-apps/core': 0.0.1-canary.111
    dev: false

  /@whop-apps/typed-transport@0.0.1-canary.111:
    resolution: {integrity: sha512-jvs9C11P4VGhNgREk4JDnFGSBeSw+GS2ORvnZJgS0o2AxBevB8nAKPElRArEEYrPFmNasoi5t0KcF5EkEoJ+wA==}
    dependencies:
      zod: 3.25.67
    dev: false

  /@whop/api@0.0.21:
    resolution: {integrity: sha512-E5+lYDxlVq3SPAs8aP3Xim42tAdsXbPxgHicddEZH78+wnft4qj/6CeBsyjUyYdhfptE71pBM+hIi0jlNfe12w==}
    engines: {node: 22.x, pnpm: 9.15.9}
    dependencies:
      graphql: 16.11.0
      graphql-request: 7.2.0(graphql@16.11.0)
      graphql-tag: 2.12.6(graphql@16.11.0)
      jose: 6.0.11
      js-md5: 0.8.3
      tiny-typed-emitter: 2.1.0
    dev: false

  /busboy@1.6.0:
    resolution: {integrity: sha512-8SFQbg/0hQ9xy3UNTB0YEnsNBbWfhf7RtnzpL7TkBiTBRfrQ9Fxcnz7VJsleJpyp6rVLvXiuORqjlHi5q+PYuA==}
    engines: {node: '>=10.16.0'}
    dependencies:
      streamsearch: 1.1.0
    dev: false

  /camelize@1.0.1:
    resolution: {integrity: sha512-dU+Tx2fsypxTgtLoE36npi3UqcjSSMNYfkqgmoEhtZrraP5VWq0K7FkWVTYa8eMPtnU/G2txVsfdCJTn9uzpuQ==}
    dev: false

  /caniuse-lite@1.0.30001723:
    resolution: {integrity: sha512-1R/elMjtehrFejxwmexeXAtae5UO9iSyFn6G/I806CYC/BLyyBk1EPhrKBkWhy6wM6Xnm47dSJQec+tLJ39WHw==}
    dev: false

  /client-only@0.0.1:
    resolution: {integrity: sha512-IV3Ou0jSMzZrd3pZ48nLkT9DA7Ag1pnPzaiQhpW7c3RbcqqzvzzVu+L8gfqMp/8IM2MQtSiqaCxrrcfu8I8rMA==}
    dev: false

  /color-convert@2.0.1:
    resolution: {integrity: sha512-RRECPsj7iu/xb5oKYcsFHSppFNnsj/52OVTRKb4zP5onXwVF3zVmmToNcOfGC+CRDpfK/U584fMg38ZHCaElKQ==}
    engines: {node: '>=7.0.0'}
    requiresBuild: true
    dependencies:
      color-name: 1.1.4
    dev: false
    optional: true

  /color-name@1.1.4:
    resolution: {integrity: sha512-dOy+3AuW3a2wNbZHIuMZpTcgjGuLU/uBL/ubcZF9OXbDo8ff4O8yVp5Bf0efS8uEoYo5q4Fx7dY9OgQGXgAsQA==}
    requiresBuild: true
    dev: false
    optional: true

  /color-string@1.9.1:
    resolution: {integrity: sha512-shrVawQFojnZv6xM40anx4CkoDP+fZsw/ZerEMsW/pyzsRbElpsL/DBVW7q3ExxwusdNXI3lXpuhEZkzs8p5Eg==}
    requiresBuild: true
    dependencies:
      color-name: 1.1.4
      simple-swizzle: 0.2.2
    dev: false
    optional: true

  /color@4.2.3:
    resolution: {integrity: sha512-1rXeuUUiGGrykh+CeBdu5Ie7OJwinCgQY0bc7GCRxy5xVHy+moaqkpL/jqQq0MtQOeYcrqEz4abc5f0KtU7W4A==}
    engines: {node: '>=12.5.0'}
    requiresBuild: true
    dependencies:
      color-convert: 2.0.1
      color-string: 1.9.1
    dev: false
    optional: true

  /cookie@0.5.0:
    resolution: {integrity: sha512-YZ3GUyn/o8gfKJlnlX7g7xq4gyO6OSuhGPKaaGssGB2qgDUS0gPgtTvoyZLTt9Ab6dC4hfc9dV5arkvc/OCmrw==}
    engines: {node: '>= 0.6'}
    dev: false

  /cookie@1.0.2:
    resolution: {integrity: sha512-9Kr/j4O16ISv8zBBhJoi4bXOYNTkFLOqSL3UDB0njXxCXNezjeyVrJyGOWtgfs/q2km1gwBcfH8q1yEGoMYunA==}
    engines: {node: '>=18'}
    dev: true

  /cross-spawn@7.0.6:
    resolution: {integrity: sha512-uV2QOWP2nWzsy2aMp8aRibhi9dlzF5Hgh5SHaB9OiTGEyDTiJJyx0uy51QXdyWbtAHNua4XJzUKca3OzKUd3vA==}
    engines: {node: '>= 8'}
    dependencies:
      path-key: 3.1.1
      shebang-command: 2.0.0
      which: 2.0.2
    dev: true

  /css-color-keywords@1.0.0:
    resolution: {integrity: sha512-FyyrDHZKEjXDpNJYvVsV960FiqQyXc/LlYmsxl2BcdMb2WPx0OGRVgTg55rPSyLSNMqP52R9r8geSp7apN3Ofg==}
    engines: {node: '>=4'}
    dev: false

  /css-to-react-native@3.2.0:
    resolution: {integrity: sha512-e8RKaLXMOFii+02mOlqwjbD00KSEKqblnpO9e++1aXS1fPQOpS1YoqdVHBqPjHNoxeF2mimzVqawm2KCbEdtHQ==}
    dependencies:
      camelize: 1.0.1
      css-color-keywords: 1.0.0
      postcss-value-parser: 4.2.0
    dev: false

  /csstype@3.1.3:
    resolution: {integrity: sha512-M1uQkMl8rQK/szD0LNhtqxIPLpimGm8sOBwU7lLnCpSbTyY3yeU1Vc7l4KT5zT4s/yOxHH5O7tIuuLOCnLADRw==}

  /detect-libc@2.0.4:
    resolution: {integrity: sha512-3UDv+G9CsCKO1WKMGw9fwq/SWJYbI0c5Y7LU1AXYoDdbhE2AHQ6N6Nb34sG8Fj7T5APy8qXDCKuuIHd1BR0tVA==}
    engines: {node: '>=8'}
    requiresBuild: true
    dev: false
    optional: true

  /dotenv-cli@8.0.0:
    resolution: {integrity: sha512-aLqYbK7xKOiTMIRf1lDPbI+Y+Ip/wo5k3eyp6ePysVaSqbyxjyK3dK35BTxG+rmd7djf5q2UPs4noPNH+cj0Qw==}
    hasBin: true
    dependencies:
      cross-spawn: 7.0.6
      dotenv: 16.5.0
      dotenv-expand: 10.0.0
      minimist: 1.2.8
    dev: true

  /dotenv-expand@10.0.0:
    resolution: {integrity: sha512-GopVGCpVS1UKH75VKHGuQFqS1Gusej0z4FyQkPdwjil2gNIv+LNsqBlboOzpJFZKVT95GkCyWJbBSdFEFUWI2A==}
    engines: {node: '>=12'}
    dev: true

  /dotenv@16.5.0:
    resolution: {integrity: sha512-m/C+AwOAr9/W1UOIZUo232ejMNnJAJtYQjUbHoNTBNTJSvqzzDh7vnrei3o3r3m9blf6ZoDkvcw0VmozNRFJxg==}
    engines: {node: '>=12'}
    dev: true

  /eventemitter3@4.0.7:
    resolution: {integrity: sha512-8guHBZCwKnFhYdHr2ysuRWErTwhoN2X8XELRlrRwpmfeY2jjuUN4taQMsULKUVo1K4DvZl+0pgfyoysHxvmvEw==}

  /follow-redirects@1.15.9:
    resolution: {integrity: sha512-gew4GsXizNgdoRyqmyfMHyAmXsZDk6mHkSxZFCzW9gwlbtOW44CDtYavM+y+72qD/Vq2l550kMF52DT8fOLJqQ==}
    engines: {node: '>=4.0'}
    peerDependencies:
      debug: '*'
    peerDependenciesMeta:
      debug:
        optional: true

  /graphql-request@7.2.0(graphql@16.11.0):
    resolution: {integrity: sha512-0GR7eQHBFYz372u9lxS16cOtEekFlZYB2qOyq8wDvzRmdRSJ0mgUVX1tzNcIzk3G+4NY+mGtSz411wZdeDF/+A==}
    peerDependencies:
      graphql: 14 - 16
    dependencies:
      '@graphql-typed-document-node/core': 3.2.0(graphql@16.11.0)
      graphql: 16.11.0
    dev: false

  /graphql-tag@2.12.6(graphql@16.11.0):
    resolution: {integrity: sha512-FdSNcu2QQcWnM2VNvSCCDCVS5PpPqpzgFT8+GXzqJuoDd0CBncxCY278u4mhRO7tMgo2JjgJA5aZ+nWSQ/Z+xg==}
    engines: {node: '>=10'}
    peerDependencies:
      graphql: ^0.9.0 || ^0.10.0 || ^0.11.0 || ^0.12.0 || ^0.13.0 || ^14.0.0 || ^15.0.0 || ^16.0.0
    dependencies:
      graphql: 16.11.0
      tslib: 2.8.1
    dev: false

  /graphql@16.11.0:
    resolution: {integrity: sha512-mS1lbMsxgQj6hge1XZ6p7GPhbrtFwUFYi3wRzXAC/FmYnyXMTvvI3td3rjmQ2u8ewXueaSvRPWaEcgVVOT9Jnw==}
    engines: {node: ^12.22.0 || ^14.16.0 || ^16.0.0 || >=17.0.0}
    dev: false

  /http-proxy@1.18.1:
    resolution: {integrity: sha512-7mz/721AbnJwIVbnaSv1Cz3Am0ZLT/UBwkC92VlxhXv/k/BBQfM2fXElQNC27BVGr0uwUpplYPQM9LnaBMR5NQ==}
    engines: {node: '>=8.0.0'}
    dependencies:
      eventemitter3: 4.0.7
      follow-redirects: 1.15.9
      requires-port: 1.0.0
    transitivePeerDependencies:
      - debug

  /is-arrayish@0.3.2:
    resolution: {integrity: sha512-eVRqCvVlZbuw3GrM63ovNSNAeA1K16kaR/LRY/92w0zxQ5/1YzwblUX652i4Xs9RwAGjW9d9y6X88t8OaAJfWQ==}
    requiresBuild: true
    dev: false
    optional: true

  /isexe@2.0.0:
    resolution: {integrity: sha512-RHxMLp9lnKHGHRng9QFhRCMbYAcVpn69smSGcq3f36xjgVVWThj4qqLbTLlq7Ssj8B+fIQ1EuCEGI2lKsyQeIw==}
    dev: true

  /jose@4.15.9:
    resolution: {integrity: sha512-1vUQX+IdDMVPj4k8kOxgUqlcK518yluMuGZwqlr44FS1ppZB/5GWh4rZG89erpOBOJjU/OBsnCVFfapsRz6nEA==}

  /jose@6.0.11:
    resolution: {integrity: sha512-QxG7EaliDARm1O1S8BGakqncGT9s25bKL1WSf6/oa17Tkqwi8D2ZNglqCF+DsYF88/rV66Q/Q2mFAy697E1DUg==}
    dev: false

  /js-md5@0.8.3:
    resolution: {integrity: sha512-qR0HB5uP6wCuRMrWPTrkMaev7MJZwJuuw4fnwAzRgP4J4/F8RwtodOKpGp4XpqsLBFzzgqIO42efFAyz2Et6KQ==}
    dev: false

  /minimist@1.2.8:
    resolution: {integrity: sha512-2yyAR8qBkN3YuheJanUpWC5U3bb5osDywNB8RzDVlDwDHbocAJveqqj1u8+SVD7jkWT4yvsHCpWqqWqAxb0zCA==}
    dev: true

  /nanoid@3.3.11:
    resolution: {integrity: sha512-N8SpfPUnUp1bK+PMYW8qSWdl9U+wwNWI4QKxOYDy9JAro3WMX7p2OeVRF9v+347pnakNevPmiHhNmZ2HbFA76w==}
    engines: {node: ^10 || ^12 || ^13.7 || ^14 || >=15.0.1}
    hasBin: true
    dev: false

  /next@15.3.2(react-dom@19.1.0)(react@19.1.0):
    resolution: {integrity: sha512-CA3BatMyHkxZ48sgOCLdVHjFU36N7TF1HhqAHLFOkV6buwZnvMI84Cug8xD56B9mCuKrqXnLn94417GrZ/jjCQ==}
    engines: {node: ^18.18.0 || ^19.8.0 || >= 20.0.0}
    hasBin: true
    peerDependencies:
      '@opentelemetry/api': ^1.1.0
      '@playwright/test': ^1.41.2
      babel-plugin-react-compiler: '*'
      react: ^18.2.0 || 19.0.0-rc-de68d2f4-20241204 || ^19.0.0
      react-dom: ^18.2.0 || 19.0.0-rc-de68d2f4-20241204 || ^19.0.0
      sass: ^1.3.0
    peerDependenciesMeta:
      '@opentelemetry/api':
        optional: true
      '@playwright/test':
        optional: true
      babel-plugin-react-compiler:
        optional: true
      sass:
        optional: true
    dependencies:
      '@next/env': 15.3.2
      '@swc/counter': 0.1.3
      '@swc/helpers': 0.5.15
      busboy: 1.6.0
      caniuse-lite: 1.0.30001723
      postcss: 8.4.31
      react: 19.1.0
      react-dom: 19.1.0(react@19.1.0)
      styled-jsx: 5.1.6(react@19.1.0)
    optionalDependencies:
      '@next/swc-darwin-arm64': 15.3.2
      '@next/swc-darwin-x64': 15.3.2
      '@next/swc-linux-arm64-gnu': 15.3.2
      '@next/swc-linux-arm64-musl': 15.3.2
      '@next/swc-linux-x64-gnu': 15.3.2
      '@next/swc-linux-x64-musl': 15.3.2
      '@next/swc-win32-arm64-msvc': 15.3.2
      '@next/swc-win32-x64-msvc': 15.3.2
      sharp: 0.34.2
    transitivePeerDependencies:
      - '@babel/core'
      - babel-plugin-macros
    dev: false

  /openapi-typescript-helpers@0.0.2:
    resolution: {integrity: sha512-r5Z4tlGa2l6jYO1ENT9Giqo/ZWzWPmsYUR41O01kjYr7vg4iBFaMh0W0g8Ef72SpeU2F+TY6CAdKxTv7aq+WXA==}
    dev: false

  /path-key@3.1.1:
    resolution: {integrity: sha512-ojmeN0qd+y0jszEtoY48r0Peq5dwMEkIlCOu6Q5f41lfkswXuKtYrhgoTpLnyIcHm24Uhqx+5Tqm2InSwLhE6Q==}
    engines: {node: '>=8'}
    dev: true

  /picocolors@1.1.1:
    resolution: {integrity: sha512-xceH2snhtb5M9liqDsmEw56le376mTZkEX/jEb/RxNFyegNul7eNslCXP9FDj/Lcu0X8KEyMceP2ntpaHrDEVA==}
    dev: false

  /postcss-value-parser@4.2.0:
    resolution: {integrity: sha512-1NNCs6uurfkVbeXG4S8JFT9t19m45ICnif8zWLd5oPSZ50QnwMfK+H3jv408d4jw/7Bttv5axS5IiHoLaVNHeQ==}
    dev: false

  /postcss@8.4.31:
    resolution: {integrity: sha512-PS08Iboia9mts/2ygV3eLpY5ghnUcfLV/EXTOW1E2qYxJKGGBUtNjN76FYHnMs36RmARn41bC0AZmn+rR0OVpQ==}
    engines: {node: ^10 || ^12 || >=14}
    dependencies:
      nanoid: 3.3.11
      picocolors: 1.1.1
      source-map-js: 1.2.1
    dev: false

  /postcss@8.4.49:
    resolution: {integrity: sha512-OCVPnIObs4N29kxTjzLfUryOkvZEq+pf8jTF0lg8E7uETuWHA+v7j3c/xJmiqpX450191LlmZfUKkXxkTry7nA==}
    engines: {node: ^10 || ^12 || >=14}
    dependencies:
      nanoid: 3.3.11
      picocolors: 1.1.1
      source-map-js: 1.2.1
    dev: false

  /react-dom@19.1.0(react@19.1.0):
    resolution: {integrity: sha512-Xs1hdnE+DyKgeHJeJznQmYMIBG3TKIHJJT95Q58nHLSrElKlGQqDTR2HQ9fx5CN/Gk6Vh/kupBTDLU11/nDk/g==}
    peerDependencies:
      react: ^19.1.0
    dependencies:
      react: 19.1.0
      scheduler: 0.26.0
    dev: false

  /react@19.1.0:
    resolution: {integrity: sha512-FS+XFBNvn3GTAWq26joslQgWNoFu08F4kl0J4CgdNKADkdSGXQyTCnKteIAJy96Br6YbpEU1LSzV5dYtjMkMDg==}
    engines: {node: '>=0.10.0'}
    dev: false

  /requires-port@1.0.0:
    resolution: {integrity: sha512-KigOCHcocU3XODJxsu8i/j8T9tzT4adHiecwORRQ0ZZFcp7ahwXuRU1m+yuO90C5ZUyGeGfocHDI14M3L3yDAQ==}

  /scheduler@0.26.0:
    resolution: {integrity: sha512-NlHwttCI/l5gCPR3D1nNXtWABUmBwvZpEQiD4IXSbIDq8BzLIK/7Ir5gTFSGZDUu37K5cMNp0hFtzO38sC7gWA==}
    dev: false

  /semver@7.7.2:
    resolution: {integrity: sha512-RF0Fw+rO5AMf9MAyaRXI4AV0Ulj5lMHqVxxdSgiVbixSCXoEmmX/jk0CuJw4+3SqroYO9VoUh+HcuJivvtJemA==}
    engines: {node: '>=10'}
    hasBin: true
    requiresBuild: true
    dev: false
    optional: true

  /shallowequal@1.1.0:
    resolution: {integrity: sha512-y0m1JoUZSlPAjXVtPPW70aZWfIL/dSP7AFkRnniLCrK/8MDKog3TySTBmckD+RObVxH0v4Tox67+F14PdED2oQ==}
    dev: false

  /sharp@0.34.2:
    resolution: {integrity: sha512-lszvBmB9QURERtyKT2bNmsgxXK0ShJrL/fvqlonCo7e6xBF8nT8xU6pW+PMIbLsz0RxQk3rgH9kd8UmvOzlMJg==}
    engines: {node: ^18.17.0 || ^20.3.0 || >=21.0.0}
    requiresBuild: true
    dependencies:
      color: 4.2.3
      detect-libc: 2.0.4
      semver: 7.7.2
    optionalDependencies:
      '@img/sharp-darwin-arm64': 0.34.2
      '@img/sharp-darwin-x64': 0.34.2
      '@img/sharp-libvips-darwin-arm64': 1.1.0
      '@img/sharp-libvips-darwin-x64': 1.1.0
      '@img/sharp-libvips-linux-arm': 1.1.0
      '@img/sharp-libvips-linux-arm64': 1.1.0
      '@img/sharp-libvips-linux-ppc64': 1.1.0
      '@img/sharp-libvips-linux-s390x': 1.1.0
      '@img/sharp-libvips-linux-x64': 1.1.0
      '@img/sharp-libvips-linuxmusl-arm64': 1.1.0
      '@img/sharp-libvips-linuxmusl-x64': 1.1.0
      '@img/sharp-linux-arm': 0.34.2
      '@img/sharp-linux-arm64': 0.34.2
      '@img/sharp-linux-s390x': 0.34.2
      '@img/sharp-linux-x64': 0.34.2
      '@img/sharp-linuxmusl-arm64': 0.34.2
      '@img/sharp-linuxmusl-x64': 0.34.2
      '@img/sharp-wasm32': 0.34.2
      '@img/sharp-win32-arm64': 0.34.2
      '@img/sharp-win32-ia32': 0.34.2
      '@img/sharp-win32-x64': 0.34.2
    dev: false
    optional: true

  /shebang-command@2.0.0:
    resolution: {integrity: sha512-kHxr2zZpYtdmrN1qDjrrX/Z1rR1kG8Dx+gkpK1G4eXmvXswmcE1hTWBWYUzlraYw1/yZp6YuDY77YtvbN0dmDA==}
    engines: {node: '>=8'}
    dependencies:
      shebang-regex: 3.0.0
    dev: true

  /shebang-regex@3.0.0:
    resolution: {integrity: sha512-7++dFhtcx3353uBaq8DDR4NuxBetBzC7ZQOhmTQInHEd6bSrXdiEyzCvG07Z44UYdLShWUyXt5M/yhz8ekcb1A==}
    engines: {node: '>=8'}
    dev: true

  /simple-swizzle@0.2.2:
    resolution: {integrity: sha512-JA//kQgZtbuY83m+xT+tXJkmJncGMTFT+C+g2h2R9uxkYIrE2yy9sgmcLhCnw57/WSD+Eh3J97FPEDFnbXnDUg==}
    requiresBuild: true
    dependencies:
      is-arrayish: 0.3.2
    dev: false
    optional: true

  /source-map-js@1.2.1:
    resolution: {integrity: sha512-UXWMKhLOwVKb728IUtQPXxfYU+usdybtUrK/8uGE8CQMvrhOpwvzDBwj0QhSL7MQc7vIsISBG8VQ8+IDQxpfQA==}
    engines: {node: '>=0.10.0'}
    dev: false

  /streamsearch@1.1.0:
    resolution: {integrity: sha512-Mcc5wHehp9aXz1ax6bZUyY5afg9u2rv5cqQI3mRrYkGC8rW2hM02jWuwjtL++LS5qinSyhj2QfLyNsuc+VsExg==}
    engines: {node: '>=10.0.0'}
    dev: false

  /styled-components@6.1.19(react-dom@19.1.0)(react@19.1.0):
    resolution: {integrity: sha512-1v/e3Dl1BknC37cXMhwGomhO8AkYmN41CqyX9xhUDxry1ns3BFQy2lLDRQXJRdVVWB9OHemv/53xaStimvWyuA==}
    engines: {node: '>= 16'}
    peerDependencies:
      react: '>= 16.8.0'
      react-dom: '>= 16.8.0'
    dependencies:
      '@emotion/is-prop-valid': 1.2.2
      '@emotion/unitless': 0.8.1
      '@types/stylis': 4.2.5
      css-to-react-native: 3.2.0
      csstype: 3.1.3
      postcss: 8.4.49
      react: 19.1.0
      react-dom: 19.1.0(react@19.1.0)
      shallowequal: 1.1.0
      stylis: 4.3.2
      tslib: 2.6.2
    dev: false

  /styled-jsx@5.1.6(react@19.1.0):
    resolution: {integrity: sha512-qSVyDTeMotdvQYoHWLNGwRFJHC+i+ZvdBRYosOFgC+Wg1vx4frN2/RG/NA7SYqqvKNLf39P2LSRA2pu6n0XYZA==}
    engines: {node: '>= 12.0.0'}
    peerDependencies:
      '@babel/core': '*'
      babel-plugin-macros: '*'
      react: '>= 16.8.0 || 17.x.x || ^18.0.0-0 || ^19.0.0-0'
    peerDependenciesMeta:
      '@babel/core':
        optional: true
      babel-plugin-macros:
        optional: true
    dependencies:
      client-only: 0.0.1
      react: 19.1.0
    dev: false

  /stylis@4.3.2:
    resolution: {integrity: sha512-bhtUjWd/z6ltJiQwg0dUfxEJ+W+jdqQd8TbWLWyeIJHlnsqmGLRFFd8e5mA0AZi/zx90smXRlN66YMTcaSFifg==}
    dev: false

  /tiny-typed-emitter@2.1.0:
    resolution: {integrity: sha512-qVtvMxeXbVej0cQWKqVSSAHmKZEHAvxdF8HEUBFWts8h+xEo5m/lEiPakuyZ3BnCBjOD8i24kzNOiOLLgsSxhA==}
    dev: false

  /tslib@2.6.2:
    resolution: {integrity: sha512-AEYxH93jGFPn/a2iVAwW87VuUIkR1FVUKB77NwMF7nBTDkDrrT/Hpt/IrCJ0QXhW27jTBDcf5ZY7w6RiqTMw2Q==}
    dev: false

  /tslib@2.8.1:
    resolution: {integrity: sha512-oJFu94HQb+KVduSUQL7wnpmqnfmLsOA/nAh6b6EH0wCEoK0/mPeXU6c3wKDV83MkOuHPRHtSXKKU99IBazS/2w==}
    dev: false

  /typescript@5.8.3:
    resolution: {integrity: sha512-p1diW6TqL9L07nNxvRMM7hMMw4c5XOo/1ibL4aAIGmSAt9slTE1Xgw5KWuof2uTOvCg9BY7ZRi+GaF+7sfgPeQ==}
    engines: {node: '>=14.17'}
    hasBin: true
    dev: true

  /undici-types@6.21.0:
    resolution: {integrity: sha512-iwDZqg0QAGrg9Rav5H4n0M64c3mkR59cJ6wQp+7C4nI0gsmExaedaYLNO44eT4AtBBwjbTiGPMlt2Md0T9H9JQ==}

  /which@2.0.2:
    resolution: {integrity: sha512-BLI3Tl1TW3Pvl70l3yq3Y64i+awpwXqsGBYWkkqMtnbXgrMD+yj7rhW0kuEDxzJaYXGjEW5ogapKNMEKNMjibA==}
    engines: {node: '>= 8'}
    hasBin: true
    dependencies:
      isexe: 2.0.0
    dev: true

  /zod@3.25.67:
    resolution: {integrity: sha512-idA2YXwpCdqUSKRCACDE6ItZD9TZzy3OZMtpfLoh6oPR47lipysRrJfjzMqFxQ3uJuUPyUeWe1r9vLH33xO/Qw==}
    dev: false
